
Microsoft Visual Studio Solution File, Format Version 12.00
# Visual Studio Version 16
VisualStudioVersion = 16.0.28822.285
MinimumVisualStudioVersion = 10.0.40219.1
Project("{FAE04EC0-301F-11D3-BF4B-00C04F79EFBC}") = "Treebank.Annotator", "Code\Treebank.Annotator\Treebank.Annotator.csproj", "{E51A2F37-743B-4B66-9DF2-E8DD7C659E7D}"
EndProject
Project("{FAE04EC0-301F-11D3-BF4B-00C04F79EFBC}") = "Treebank.Annotator.UnitTests", "Code\Treebank.UnitTests\Treebank.Annotator.UnitTests.csproj", "{F7938232-E8F0-4F5D-851A-31EF0DAD1F1A}"
EndProject
Project("{FAE04EC0-301F-11D3-BF4B-00C04F79EFBC}") = "Treebank.Domain", "Code\Treebank.Domain\Treebank.Domain.csproj", "{34C8855B-C3BA-4E0E-A4F2-68C5406F1382}"
EndProject
Project("{FAE04EC0-301F-11D3-BF4B-00C04F79EFBC}") = "Treebank.Domain.UnitTests", "Code\Treebank.Domain.UnitTests\Treebank.Domain.UnitTests.csproj", "{7F223342-0C61-426D-BFF2-6B316C08517F}"
EndProject
Project("{FAE04EC0-301F-11D3-BF4B-00C04F79EFBC}") = "Treebank.Events", "Code\Treebank.Events\Treebank.Events.csproj", "{2D54BBE5-F2DF-4CA2-96E5-E33B1757D2AD}"
EndProject
Project("{FAE04EC0-301F-11D3-BF4B-00C04F79EFBC}") = "Treebank.Mappers", "Code\Treebank.Mappers\Treebank.Mappers.csproj", "{D44F6763-2EE1-4C6D-8FFF-1F01759C7897}"
EndProject
Project("{2150E333-8FDC-42A3-9474-1A3956D46DE8}") = "Source Code", "Source Code", "{E6B72AE7-C7F6-4BA8-B52F-DA9E4EEF14AC}"
EndProject
Project("{2150E333-8FDC-42A3-9474-1A3956D46DE8}") = "Test Data", "Test Data", "{30436E23-7BCA-4F0F-A252-70896483B692}"
	ProjectSection(SolutionItems) = preProject
		Resources\Treebanks\1984Orwel.xml = Resources\Treebanks\1984Orwel.xml
		Resources\Treebanks\OneSentenceDoc.xml = Resources\Treebanks\OneSentenceDoc.xml
		Resources\Treebanks\test.xml = Resources\Treebanks\test.xml
		Resources\Treebanks\testSmall.xml = Resources\Treebanks\testSmall.xml
	EndProjectSection
EndProject
Project("{2150E333-8FDC-42A3-9474-1A3956D46DE8}") = "Documentation", "Documentation", "{EAF00DB7-BF79-4879-B873-1A03EE373847}"
	ProjectSection(SolutionItems) = preProject
		Resources\Hociung Florin -Dissertation - Treebank Annotator.doc = Resources\Hociung Florin -Dissertation - Treebank Annotator.doc
		Resources\Hociung Florin- Treebank Annotator - Presentation.pptx = Resources\Hociung Florin- Treebank Annotator - Presentation.pptx
	EndProjectSection
EndProject
Project("{2150E333-8FDC-42A3-9474-1A3956D46DE8}") = "Configurations", "Configurations", "{FA543F16-CC59-4DBF-81D6-4B06A511E508}"
	ProjectSection(SolutionItems) = preProject
		Resources\Configurations\ConllxConfig.xml = Resources\Configurations\ConllxConfig.xml
		Resources\Configurations\LatinNewConfig.xml = Resources\Configurations\LatinNewConfig.xml
		Resources\Configurations\UAICRoDepTb - Semantic.xml = Resources\Configurations\UAICRoDepTb - Semantic.xml
		Resources\Configurations\UAICRoDepTb.xml = Resources\Configurations\UAICRoDepTb.xml
		Resources\Configurations\UD.xml = Resources\Configurations\UD.xml
	EndProjectSection
EndProject
Project("{FAE04EC0-301F-11D3-BF4B-00C04F79EFBC}") = "Treebank.Persistence", "Code\Treebank.Persistence\Treebank.Persistence.csproj", "{A7F6448A-1A73-4C05-8B63-8E5F5DAA2823}"
EndProject
Project("{FAE04EC0-301F-11D3-BF4B-00C04F79EFBC}") = "Treebank.Mappers.Tests", "Code\Treebank.Mappers.Tests\Treebank.Mappers.Tests.csproj", "{F8209FA5-D42F-4596-94C5-A4055ACC7F58}"
EndProject
Project("{FAE04EC0-301F-11D3-BF4B-00C04F79EFBC}") = "Treebank.Annotator.Installer", "Code\Treebank.Annotator.Installer\Treebank.Annotator.Installer.csproj", "{C032C243-95C7-46D4-A5F0-74D04056F007}"
EndProject
Project("{2150E333-8FDC-42A3-9474-1A3956D46DE8}") = "Tools", "Tools", "{76B01BEE-F275-4822-A159-22C3DBA1582A}"
EndProject
Global
	GlobalSection(SolutionConfigurationPlatforms) = preSolution
		Debug|Any CPU = Debug|Any CPU
		Debug|x86 = Debug|x86
		Release|Any CPU = Release|Any CPU
		Release|x86 = Release|x86
	EndGlobalSection
	GlobalSection(ProjectConfigurationPlatforms) = postSolution
		{E51A2F37-743B-4B66-9DF2-E8DD7C659E7D}.Debug|Any CPU.ActiveCfg = Debug|Any CPU
		{E51A2F37-743B-4B66-9DF2-E8DD7C659E7D}.Debug|Any CPU.Build.0 = Debug|Any CPU
		{E51A2F37-743B-4B66-9DF2-E8DD7C659E7D}.Debug|x86.ActiveCfg = Debug|Any CPU
		{E51A2F37-743B-4B66-9DF2-E8DD7C659E7D}.Debug|x86.Build.0 = Debug|Any CPU
		{E51A2F37-743B-4B66-9DF2-E8DD7C659E7D}.Release|Any CPU.ActiveCfg = Release|Any CPU
		{E51A2F37-743B-4B66-9DF2-E8DD7C659E7D}.Release|Any CPU.Build.0 = Release|Any CPU
		{E51A2F37-743B-4B66-9DF2-E8DD7C659E7D}.Release|x86.ActiveCfg = Release|Any CPU
		{E51A2F37-743B-4B66-9DF2-E8DD7C659E7D}.Release|x86.Build.0 = Release|Any CPU
		{F7938232-E8F0-4F5D-851A-31EF0DAD1F1A}.Debug|Any CPU.ActiveCfg = Debug|Any CPU
		{F7938232-E8F0-4F5D-851A-31EF0DAD1F1A}.Debug|Any CPU.Build.0 = Debug|Any CPU
		{F7938232-E8F0-4F5D-851A-31EF0DAD1F1A}.Debug|x86.ActiveCfg = Debug|Any CPU
		{F7938232-E8F0-4F5D-851A-31EF0DAD1F1A}.Debug|x86.Build.0 = Debug|Any CPU
		{F7938232-E8F0-4F5D-851A-31EF0DAD1F1A}.Release|Any CPU.ActiveCfg = Release|Any CPU
		{F7938232-E8F0-4F5D-851A-31EF0DAD1F1A}.Release|x86.ActiveCfg = Release|Any CPU
		{F7938232-E8F0-4F5D-851A-31EF0DAD1F1A}.Release|x86.Build.0 = Release|Any CPU
		{34C8855B-C3BA-4E0E-A4F2-68C5406F1382}.Debug|Any CPU.ActiveCfg = Debug|Any CPU
		{34C8855B-C3BA-4E0E-A4F2-68C5406F1382}.Debug|Any CPU.Build.0 = Debug|Any CPU
		{34C8855B-C3BA-4E0E-A4F2-68C5406F1382}.Debug|x86.ActiveCfg = Debug|Any CPU
		{34C8855B-C3BA-4E0E-A4F2-68C5406F1382}.Debug|x86.Build.0 = Debug|Any CPU
		{34C8855B-C3BA-4E0E-A4F2-68C5406F1382}.Release|Any CPU.ActiveCfg = Release|Any CPU
		{34C8855B-C3BA-4E0E-A4F2-68C5406F1382}.Release|Any CPU.Build.0 = Release|Any CPU
		{34C8855B-C3BA-4E0E-A4F2-68C5406F1382}.Release|x86.ActiveCfg = Release|Any CPU
		{34C8855B-C3BA-4E0E-A4F2-68C5406F1382}.Release|x86.Build.0 = Release|Any CPU
		{7F223342-0C61-426D-BFF2-6B316C08517F}.Debug|Any CPU.ActiveCfg = Debug|Any CPU
		{7F223342-0C61-426D-BFF2-6B316C08517F}.Debug|Any CPU.Build.0 = Debug|Any CPU
		{7F223342-0C61-426D-BFF2-6B316C08517F}.Debug|x86.ActiveCfg = Debug|Any CPU
		{7F223342-0C61-426D-BFF2-6B316C08517F}.Debug|x86.Build.0 = Debug|Any CPU
		{7F223342-0C61-426D-BFF2-6B316C08517F}.Release|Any CPU.ActiveCfg = Release|Any CPU
		{7F223342-0C61-426D-BFF2-6B316C08517F}.Release|x86.ActiveCfg = Release|Any CPU
		{7F223342-0C61-426D-BFF2-6B316C08517F}.Release|x86.Build.0 = Release|Any CPU
		{2D54BBE5-F2DF-4CA2-96E5-E33B1757D2AD}.Debug|Any CPU.ActiveCfg = Debug|Any CPU
		{2D54BBE5-F2DF-4CA2-96E5-E33B1757D2AD}.Debug|Any CPU.Build.0 = Debug|Any CPU
		{2D54BBE5-F2DF-4CA2-96E5-E33B1757D2AD}.Debug|x86.ActiveCfg = Debug|Any CPU
		{2D54BBE5-F2DF-4CA2-96E5-E33B1757D2AD}.Debug|x86.Build.0 = Debug|Any CPU
		{2D54BBE5-F2DF-4CA2-96E5-E33B1757D2AD}.Release|Any CPU.ActiveCfg = Release|Any CPU
		{2D54BBE5-F2DF-4CA2-96E5-E33B1757D2AD}.Release|Any CPU.Build.0 = Release|Any CPU
		{2D54BBE5-F2DF-4CA2-96E5-E33B1757D2AD}.Release|x86.ActiveCfg = Release|Any CPU
		{2D54BBE5-F2DF-4CA2-96E5-E33B1757D2AD}.Release|x86.Build.0 = Release|Any CPU
		{D44F6763-2EE1-4C6D-8FFF-1F01759C7897}.Debug|Any CPU.ActiveCfg = Debug|Any CPU
		{D44F6763-2EE1-4C6D-8FFF-1F01759C7897}.Debug|Any CPU.Build.0 = Debug|Any CPU
		{D44F6763-2EE1-4C6D-8FFF-1F01759C7897}.Debug|x86.ActiveCfg = Debug|Any CPU
		{D44F6763-2EE1-4C6D-8FFF-1F01759C7897}.Debug|x86.Build.0 = Debug|Any CPU
		{D44F6763-2EE1-4C6D-8FFF-1F01759C7897}.Release|Any CPU.ActiveCfg = Release|Any CPU
		{D44F6763-2EE1-4C6D-8FFF-1F01759C7897}.Release|Any CPU.Build.0 = Release|Any CPU
		{D44F6763-2EE1-4C6D-8FFF-1F01759C7897}.Release|x86.ActiveCfg = Release|Any CPU
		{D44F6763-2EE1-4C6D-8FFF-1F01759C7897}.Release|x86.Build.0 = Release|Any CPU
		{A7F6448A-1A73-4C05-8B63-8E5F5DAA2823}.Debug|Any CPU.ActiveCfg = Debug|Any CPU
		{A7F6448A-1A73-4C05-8B63-8E5F5DAA2823}.Debug|Any CPU.Build.0 = Debug|Any CPU
		{A7F6448A-1A73-4C05-8B63-8E5F5DAA2823}.Debug|x86.ActiveCfg = Debug|Any CPU
		{A7F6448A-1A73-4C05-8B63-8E5F5DAA2823}.Debug|x86.Build.0 = Debug|Any CPU
		{A7F6448A-1A73-4C05-8B63-8E5F5DAA2823}.Release|Any CPU.ActiveCfg = Release|Any CPU
		{A7F6448A-1A73-4C05-8B63-8E5F5DAA2823}.Release|Any CPU.Build.0 = Release|Any CPU
		{A7F6448A-1A73-4C05-8B63-8E5F5DAA2823}.Release|x86.ActiveCfg = Release|Any CPU
		{A7F6448A-1A73-4C05-8B63-8E5F5DAA2823}.Release|x86.Build.0 = Release|Any CPU
		{F8209FA5-D42F-4596-94C5-A4055ACC7F58}.Debug|Any CPU.ActiveCfg = Debug|Any CPU
		{F8209FA5-D42F-4596-94C5-A4055ACC7F58}.Debug|Any CPU.Build.0 = Debug|Any CPU
		{F8209FA5-D42F-4596-94C5-A4055ACC7F58}.Debug|x86.ActiveCfg = Debug|Any CPU
		{F8209FA5-D42F-4596-94C5-A4055ACC7F58}.Debug|x86.Build.0 = Debug|Any CPU
		{F8209FA5-D42F-4596-94C5-A4055ACC7F58}.Release|Any CPU.ActiveCfg = Release|Any CPU
		{F8209FA5-D42F-4596-94C5-A4055ACC7F58}.Release|Any CPU.Build.0 = Release|Any CPU
		{F8209FA5-D42F-4596-94C5-A4055ACC7F58}.Release|x86.ActiveCfg = Release|Any CPU
		{F8209FA5-D42F-4596-94C5-A4055ACC7F58}.Release|x86.Build.0 = Release|Any CPU
		{C032C243-95C7-46D4-A5F0-74D04056F007}.Debug|Any CPU.ActiveCfg = Debug|Any CPU
		{C032C243-95C7-46D4-A5F0-74D04056F007}.Debug|Any CPU.Build.0 = Debug|Any CPU
		{C032C243-95C7-46D4-A5F0-74D04056F007}.Debug|x86.ActiveCfg = Debug|Any CPU
		{C032C243-95C7-46D4-A5F0-74D04056F007}.Debug|x86.Build.0 = Debug|Any CPU
		{C032C243-95C7-46D4-A5F0-74D04056F007}.Release|Any CPU.ActiveCfg = Release|Any CPU
		{C032C243-95C7-46D4-A5F0-74D04056F007}.Release|Any CPU.Build.0 = Release|Any CPU
		{C032C243-95C7-46D4-A5F0-74D04056F007}.Release|x86.ActiveCfg = Release|Any CPU
		{C032C243-95C7-46D4-A5F0-74D04056F007}.Release|x86.Build.0 = Release|Any CPU
	EndGlobalSection
	GlobalSection(SolutionProperties) = preSolution
		HideSolutionNode = FALSE
	EndGlobalSection
	GlobalSection(NestedProjects) = preSolution
		{E51A2F37-743B-4B66-9DF2-E8DD7C659E7D} = {E6B72AE7-C7F6-4BA8-B52F-DA9E4EEF14AC}
		{F7938232-E8F0-4F5D-851A-31EF0DAD1F1A} = {E6B72AE7-C7F6-4BA8-B52F-DA9E4EEF14AC}
		{34C8855B-C3BA-4E0E-A4F2-68C5406F1382} = {E6B72AE7-C7F6-4BA8-B52F-DA9E4EEF14AC}
		{7F223342-0C61-426D-BFF2-6B316C08517F} = {E6B72AE7-C7F6-4BA8-B52F-DA9E4EEF14AC}
		{2D54BBE5-F2DF-4CA2-96E5-E33B1757D2AD} = {E6B72AE7-C7F6-4BA8-B52F-DA9E4EEF14AC}
		{D44F6763-2EE1-4C6D-8FFF-1F01759C7897} = {E6B72AE7-C7F6-4BA8-B52F-DA9E4EEF14AC}
		{A7F6448A-1A73-4C05-8B63-8E5F5DAA2823} = {E6B72AE7-C7F6-4BA8-B52F-DA9E4EEF14AC}
		{F8209FA5-D42F-4596-94C5-A4055ACC7F58} = {E6B72AE7-C7F6-4BA8-B52F-DA9E4EEF14AC}
		{C032C243-95C7-46D4-A5F0-74D04056F007} = {E6B72AE7-C7F6-4BA8-B52F-DA9E4EEF14AC}
	EndGlobalSection
	GlobalSection(ExtensibilityGlobals) = postSolution
		SolutionGuid = {209D44E0-1BA0-494A-9763-A11C03A711D2}
	EndGlobalSection
EndGlobal
